
Microsoft Visual Studio Solution File, Format Version 12.00
# Visual Studio Version 17
VisualStudioVersion = 17.3.32922.545
MinimumVisualStudioVersion = 10.0.40219.1
Project("{9A19103F-16F7-4668-BE54-9A1E7A4F7556}") = "Factory.API", "Factory.API\Factory.API.csproj", "{1F5E3C93-C98B-4FD8-9BBC-22822B6D7103}"
EndProject
Project("{9A19103F-16F7-4668-BE54-9A1E7A4F7556}") = "Factory.API.Data", "Factory.API.Data\Factory.API.Data.csproj", "{96AA7B33-E350-4162-8024-75E1D1F8DA9D}"
EndProject
Project("{9A19103F-16F7-4668-BE54-9A1E7A4F7556}") = "Factory.API.Service", "Factory.API.Core\Factory.API.Service.csproj", "{FD31BAC2-A66C-4DA4-947F-852CCF8ED452}"
EndProject
Project("{2150E333-8FDC-42A3-9474-1A3956D46DE8}") = "Solution Items", "Solution Items", "{306628CE-FF2E-4A03-9E31-D3B144D9EA08}"
	ProjectSection(SolutionItems) = preProject
		.editorconfig = .editorconfig
	EndProjectSection
EndProject
Global
	GlobalSection(SolutionConfigurationPlatforms) = preSolution
		Debug|Any CPU = Debug|Any CPU
		Release|Any CPU = Release|Any CPU
	EndGlobalSection
	GlobalSection(ProjectConfigurationPlatforms) = postSolution
		{1F5E3C93-C98B-4FD8-9BBC-22822B6D7103}.Debug|Any CPU.ActiveCfg = Debug|Any CPU
		{1F5E3C93-C98B-4FD8-9BBC-22822B6D7103}.Debug|Any CPU.Build.0 = Debug|Any CPU
		{1F5E3C93-C98B-4FD8-9BBC-22822B6D7103}.Release|Any CPU.ActiveCfg = Release|Any CPU
		{1F5E3C93-C98B-4FD8-9BBC-22822B6D7103}.Release|Any CPU.Build.0 = Release|Any CPU
		{96AA7B33-E350-4162-8024-75E1D1F8DA9D}.Debug|Any CPU.ActiveCfg = Debug|Any CPU
		{96AA7B33-E350-4162-8024-75E1D1F8DA9D}.Debug|Any CPU.Build.0 = Debug|Any CPU
		{96AA7B33-E350-4162-8024-75E1D1F8DA9D}.Release|Any CPU.ActiveCfg = Release|Any CPU
		{96AA7B33-E350-4162-8024-75E1D1F8DA9D}.Release|Any CPU.Build.0 = Release|Any CPU
		{FD31BAC2-A66C-4DA4-947F-852CCF8ED452}.Debug|Any CPU.ActiveCfg = Debug|Any CPU
		{FD31BAC2-A66C-4DA4-947F-852CCF8ED452}.Debug|Any CPU.Build.0 = Debug|Any CPU
		{FD31BAC2-A66C-4DA4-947F-852CCF8ED452}.Release|Any CPU.ActiveCfg = Release|Any CPU
		{FD31BAC2-A66C-4DA4-947F-852CCF8ED452}.Release|Any CPU.Build.0 = Release|Any CPU
	EndGlobalSection
	GlobalSection(SolutionProperties) = preSolution
		HideSolutionNode = FALSE
	EndGlobalSection
	GlobalSection(ExtensibilityGlobals) = postSolution
		SolutionGuid = {44EE69E0-0C4A-45F4-8652-010642A47B60}
	EndGlobalSection
EndGlobal
